{
  "requires": true,
  "lockfileVersion": 1,
  "dependencies": {
    "wx-search-have-history": {
      "version": "0.0.2",
      "resolved": "https://registry.npm.taobao.org/wx-search-have-history/download/wx-search-have-history-0.0.2.tgz",
      "integrity": "sha1-JQYNeeECOWPdQXN35DM5AcdIqic="
    }
  }
}
